// !$*UTF8*$!
{
	archiveVersion = 1;
	classes = {
	};
	objectVersion = 50;
	objects = {

/* Begin PBXBuildFile section */
		F7290EE6208A79240045A0F1 /* AppDelegate.swift in Sources */ = {isa = PBXBuildFile; fileRef = F7290EE5208A79240045A0F1 /* AppDelegate.swift */; };
		F7290EE8208A79240045A0F1 /* ViewController.swift in Sources */ = {isa = PBXBuildFile; fileRef = F7290EE7208A79240045A0F1 /* ViewController.swift */; };
		F7290EEB208A79240045A0F1 /* Main.storyboard in Resources */ = {isa = PBXBuildFile; fileRef = F7290EE9208A79240045A0F1 /* Main.storyboard */; };
		F7290EED208A79260045A0F1 /* Assets.xcassets in Resources */ = {isa = PBXBuildFile; fileRef = F7290EEC208A79260045A0F1 /* Assets.xcassets */; };
		F7290EF0208A79260045A0F1 /* LaunchScreen.storyboard in Resources */ = {isa = PBXBuildFile; fileRef = F7290EEE208A79260045A0F1 /* LaunchScreen.storyboard */; };
		F7290EFB208A79260045A0F1 /* DemoTests.swift in Sources */ = {isa = PBXBuildFile; fileRef = F7290EFA208A79260045A0F1 /* DemoTests.swift */; };
		F7290F06208A79260045A0F1 /* DemoUITests.swift in Sources */ = {isa = PBXBuildFile; fileRef = F7290F05208A79260045A0F1 /* DemoUITests.swift */; };
		F76C0B90208A970700C1F4B8 /* CounterView.swift in Sources */ = {isa = PBXBuildFile; fileRef = F76C0B8E208A970700C1F4B8 /* CounterView.swift */; };
		F76C0B91208A970700C1F4B8 /* Info.plist in Resources */ = {isa = PBXBuildFile; fileRef = F76C0B8F208A970700C1F4B8 /* Info.plist */; };
/* End PBXBuildFile section */

/* Begin PBXContainerItemProxy section */
		F7290EF7208A79260045A0F1 /* PBXContainerItemProxy */ = {
			isa = PBXContainerItemProxy;
			containerPortal = F7290EDA208A79240045A0F1 /* Project object */;
			proxyType = 1;
			remoteGlobalIDString = F7290EE1208A79240045A0F1;
			remoteInfo = Demo;
		};
		F7290F02208A79260045A0F1 /* PBXContainerItemProxy */ = {
			isa = PBXContainerItemProxy;
			containerPortal = F7290EDA208A79240045A0F1 /* Project object */;
			proxyType = 1;
			remoteGlobalIDString = F7290EE1208A79240045A0F1;
			remoteInfo = Demo;
		};
/* End PBXContainerItemProxy section */

/* Begin PBXFileReference section */
		F7290EE2208A79240045A0F1 /* Demo.app */ = {isa = PBXFileReference; explicitFileType = wrapper.application; includeInIndex = 0; path = Demo.app; sourceTree = BUILT_PRODUCTS_DIR; };
		F7290EE5208A79240045A0F1 /* AppDelegate.swift */ = {isa = PBXFileReference; lastKnownFileType = sourcecode.swift; path = AppDelegate.swift; sourceTree = "<group>"; };
		F7290EE7208A79240045A0F1 /* ViewController.swift */ = {isa = PBXFileReference; lastKnownFileType = sourcecode.swift; path = ViewController.swift; sourceTree = "<group>"; };
		F7290EEA208A79240045A0F1 /* Base */ = {isa = PBXFileReference; lastKnownFileType = file.storyboard; name = Base; path = Base.lproj/Main.storyboard; sourceTree = "<group>"; };
		F7290EEC208A79260045A0F1 /* Assets.xcassets */ = {isa = PBXFileReference; lastKnownFileType = folder.assetcatalog; path = Assets.xcassets; sourceTree = "<group>"; };
		F7290EEF208A79260045A0F1 /* Base */ = {isa = PBXFileReference; lastKnownFileType = file.storyboard; name = Base; path = Base.lproj/LaunchScreen.storyboard; sourceTree = "<group>"; };
		F7290EF1208A79260045A0F1 /* Info.plist */ = {isa = PBXFileReference; lastKnownFileType = text.plist.xml; path = Info.plist; sourceTree = "<group>"; };
		F7290EF6208A79260045A0F1 /* DemoTests.xctest */ = {isa = PBXFileReference; explicitFileType = wrapper.cfbundle; includeInIndex = 0; path = DemoTests.xctest; sourceTree = BUILT_PRODUCTS_DIR; };
		F7290EFA208A79260045A0F1 /* DemoTests.swift */ = {isa = PBXFileReference; lastKnownFileType = sourcecode.swift; path = DemoTests.swift; sourceTree = "<group>"; };
		F7290EFC208A79260045A0F1 /* Info.plist */ = {isa = PBXFileReference; lastKnownFileType = text.plist.xml; path = Info.plist; sourceTree = "<group>"; };
		F7290F01208A79260045A0F1 /* DemoUITests.xctest */ = {isa = PBXFileReference; explicitFileType = wrapper.cfbundle; includeInIndex = 0; path = DemoUITests.xctest; sourceTree = BUILT_PRODUCTS_DIR; };
		F7290F05208A79260045A0F1 /* DemoUITests.swift */ = {isa = PBXFileReference; lastKnownFileType = sourcecode.swift; path = DemoUITests.swift; sourceTree = "<group>"; };
		F7290F07208A79260045A0F1 /* Info.plist */ = {isa = PBXFileReference; lastKnownFileType = text.plist.xml; path = Info.plist; sourceTree = "<group>"; };
		F76C0B8D208A970700C1F4B8 /* CounterLabel.h */ = {isa = PBXFileReference; fileEncoding = 4; lastKnownFileType = sourcecode.c.h; path = CounterLabel.h; sourceTree = "<group>"; };
		F76C0B8E208A970700C1F4B8 /* CounterView.swift */ = {isa = PBXFileReference; fileEncoding = 4; lastKnownFileType = sourcecode.swift; path = CounterView.swift; sourceTree = "<group>"; };
		F76C0B8F208A970700C1F4B8 /* Info.plist */ = {isa = PBXFileReference; fileEncoding = 4; lastKnownFileType = text.plist.xml; path = Info.plist; sourceTree = "<group>"; };
/* End PBXFileReference section */

/* Begin PBXFrameworksBuildPhase section */
		F7290EDF208A79240045A0F1 /* Frameworks */ = {
			isa = PBXFrameworksBuildPhase;
			buildActionMask = 2147483647;
			files = (
			);
			runOnlyForDeploymentPostprocessing = 0;
		};
		F7290EF3208A79260045A0F1 /* Frameworks */ = {
			isa = PBXFrameworksBuildPhase;
			buildActionMask = 2147483647;
			files = (
			);
			runOnlyForDeploymentPostprocessing = 0;
		};
		F7290EFE208A79260045A0F1 /* Frameworks */ = {
			isa = PBXFrameworksBuildPhase;
			buildActionMask = 2147483647;
			files = (
			);
			runOnlyForDeploymentPostprocessing = 0;
		};
/* End PBXFrameworksBuildPhase section */

/* Begin PBXGroup section */
		F7290ED9208A79240045A0F1 = {
			isa = PBXGroup;
			children = (
				F76C0B8C208A970700C1F4B8 /* CounterLabel */,
				F7290EE4208A79240045A0F1 /* Demo */,
				F7290EF9208A79260045A0F1 /* DemoTests */,
				F7290F04208A79260045A0F1 /* DemoUITests */,
				F7290EE3208A79240045A0F1 /* Products */,
			);
			sourceTree = "<group>";
		};
		F7290EE3208A79240045A0F1 /* Products */ = {
			isa = PBXGroup;
			children = (
				F7290EE2208A79240045A0F1 /* Demo.app */,
				F7290EF6208A79260045A0F1 /* DemoTests.xctest */,
				F7290F01208A79260045A0F1 /* DemoUITests.xctest */,
			);
			name = Products;
			sourceTree = "<group>";
		};
		F7290EE4208A79240045A0F1 /* Demo */ = {
			isa = PBXGroup;
			children = (
				F7290EE5208A79240045A0F1 /* AppDelegate.swift */,
				F7290EE7208A79240045A0F1 /* ViewController.swift */,
				F7290EE9208A79240045A0F1 /* Main.storyboard */,
				F7290EEC208A79260045A0F1 /* Assets.xcassets */,
				F7290EEE208A79260045A0F1 /* LaunchScreen.storyboard */,
				F7290EF1208A79260045A0F1 /* Info.plist */,
			);
			path = Demo;
			sourceTree = "<group>";
		};
		F7290EF9208A79260045A0F1 /* DemoTests */ = {
			isa = PBXGroup;
			children = (
				F7290EFA208A79260045A0F1 /* DemoTests.swift */,
				F7290EFC208A79260045A0F1 /* Info.plist */,
			);
			path = DemoTests;
			sourceTree = "<group>";
		};
		F7290F04208A79260045A0F1 /* DemoUITests */ = {
			isa = PBXGroup;
			children = (
				F7290F05208A79260045A0F1 /* DemoUITests.swift */,
				F7290F07208A79260045A0F1 /* Info.plist */,
			);
			path = DemoUITests;
			sourceTree = "<group>";
		};
		F76C0B8C208A970700C1F4B8 /* CounterLabel */ = {
			isa = PBXGroup;
			children = (
				F76C0B8D208A970700C1F4B8 /* CounterLabel.h */,
				F76C0B8E208A970700C1F4B8 /* CounterView.swift */,
				F76C0B8F208A970700C1F4B8 /* Info.plist */,
			);
			name = CounterLabel;
			path = ../CounterLabel;
			sourceTree = "<group>";
		};
/* End PBXGroup section */

/* Begin PBXNativeTarget section */
		F7290EE1208A79240045A0F1 /* Demo */ = {
			isa = PBXNativeTarget;
			buildConfigurationList = F7290F0A208A79260045A0F1 /* Build configuration list for PBXNativeTarget "Demo" */;
			buildPhases = (
				F7290EDE208A79240045A0F1 /* Sources */,
				F7290EDF208A79240045A0F1 /* Frameworks */,
				F7290EE0208A79240045A0F1 /* Resources */,
			);
			buildRules = (
			);
			dependencies = (
			);
			name = Demo;
			productName = Demo;
			productReference = F7290EE2208A79240045A0F1 /* Demo.app */;
			productType = "com.apple.product-type.application";
		};
		F7290EF5208A79260045A0F1 /* DemoTests */ = {
			isa = PBXNativeTarget;
			buildConfigurationList = F7290F0D208A79260045A0F1 /* Build configuration list for PBXNativeTarget "DemoTests" */;
			buildPhases = (
				F7290EF2208A79260045A0F1 /* Sources */,
				F7290EF3208A79260045A0F1 /* Frameworks */,
				F7290EF4208A79260045A0F1 /* Resources */,
			);
			buildRules = (
			);
			dependencies = (
				F7290EF8208A79260045A0F1 /* PBXTargetDependency */,
			);
			name = DemoTests;
			productName = DemoTests;
			productReference = F7290EF6208A79260045A0F1 /* DemoTests.xctest */;
			productType = "com.apple.product-type.bundle.unit-test";
		};
		F7290F00208A79260045A0F1 /* DemoUITests */ = {
			isa = PBXNativeTarget;
			buildConfigurationList = F7290F10208A79260045A0F1 /* Build configuration list for PBXNativeTarget "DemoUITests" */;
			buildPhases = (
				F7290EFD208A79260045A0F1 /* Sources */,
				F7290EFE208A79260045A0F1 /* Frameworks */,
				F7290EFF208A79260045A0F1 /* Resources */,
			);
			buildRules = (
			);
			dependencies = (
				F7290F03208A79260045A0F1 /* PBXTargetDependency */,
			);
			name = DemoUITests;
			productName = DemoUITests;
			productReference = F7290F01208A79260045A0F1 /* DemoUITests.xctest */;
			productType = "com.apple.product-type.bundle.ui-testing";
		};
/* End PBXNativeTarget section */

/* Begin PBXProject section */
		F7290EDA208A79240045A0F1 /* Project object */ = {
			isa = PBXProject;
			attributes = {
				LastSwiftUpdateCheck = 0930;
				LastUpgradeCheck = 0930;
				ORGANIZATIONNAME = nappannda;
				TargetAttributes = {
					F7290EE1208A79240045A0F1 = {
						CreatedOnToolsVersion = 9.3;
					};
					F7290EF5208A79260045A0F1 = {
						CreatedOnToolsVersion = 9.3;
						TestTargetID = F7290EE1208A79240045A0F1;
					};
					F7290F00208A79260045A0F1 = {
						CreatedOnToolsVersion = 9.3;
						TestTargetID = F7290EE1208A79240045A0F1;
					};
				};
			};
			buildConfigurationList = F7290EDD208A79240045A0F1 /* Build configuration list for PBXProject "Demo" */;
			compatibilityVersion = "Xcode 9.3";
			developmentRegion = en;
			hasScannedForEncodings = 0;
			knownRegions = (
				en,
				Base,
			);
			mainGroup = F7290ED9208A79240045A0F1;
			productRefGroup = F7290EE3208A79240045A0F1 /* Products */;
			projectDirPath = "";
			projectRoot = "";
			targets = (
				F7290EE1208A79240045A0F1 /* Demo */,
				F7290EF5208A79260045A0F1 /* DemoTests */,
				F7290F00208A79260045A0F1 /* DemoUITests */,
			);
		};
/* End PBXProject section */

/* Begin PBXResourcesBuildPhase section */
		F7290EE0208A79240045A0F1 /* Resources */ = {
			isa = PBXResourcesBuildPhase;
			buildActionMask = 2147483647;
			files = (
				F76C0B91208A970700C1F4B8 /* Info.plist in Resources */,
				F7290EF0208A79260045A0F1 /* LaunchScreen.storyboard in Resources */,
				F7290EED208A79260045A0F1 /* Assets.xcassets in Resources */,
				F7290EEB208A79240045A0F1 /* Main.storyboard in Resources */,
			);
			runOnlyForDeploymentPostprocessing = 0;
		};
		F7290EF4208A79260045A0F1 /* Resources */ = {
			isa = PBXResourcesBuildPhase;
			buildActionMask = 2147483647;
			files = (
			);
			runOnlyForDeploymentPostprocessing = 0;
		};
		F7290EFF208A79260045A0F1 /* Resources */ = {
			isa = PBXResourcesBuildPhase;
			buildActionMask = 2147483647;
			files = (
			);
			runOnlyForDeploymentPostprocessing = 0;
		};
/* End PBXResourcesBuildPhase section */

/* Begin PBXSourcesBuildPhase section */
		F7290EDE208A79240045A0F1 /* Sources */ = {
			isa = PBXSourcesBuildPhase;
			buildActionMask = 2147483647;
			files = (
				F7290EE8208A79240045A0F1 /* ViewController.swift in Sources */,
				F7290EE6208A79240045A0F1 /* AppDelegate.swift in Sources */,
				F76C0B90208A970700C1F4B8 /* CounterView.swift in Sources */,
			);
			runOnlyForDeploymentPostprocessing = 0;
		};
		F7290EF2208A79260045A0F1 /* Sources */ = {
			isa = PBXSourcesBuildPhase;
			buildActionMask = 2147483647;
			files = (
				F7290EFB208A79260045A0F1 /* DemoTests.swift in Sources */,
			);
			runOnlyForDeploymentPostprocessing = 0;
		};
		F7290EFD208A79260045A0F1 /* Sources */ = {
			isa = PBXSourcesBuildPhase;
			buildActionMask = 2147483647;
			files = (
				F7290F06208A79260045A0F1 /* DemoUITests.swift in Sources */,
			);
			runOnlyForDeploymentPostprocessing = 0;
		};
/* End PBXSourcesBuildPhase section */

/* Begin PBXTargetDependency section */
		F7290EF8208A79260045A0F1 /* PBXTargetDependency */ = {
			isa = PBXTargetDependency;
			target = F7290EE1208A79240045A0F1 /* Demo */;
			targetProxy = F7290EF7208A79260045A0F1 /* PBXContainerItemProxy */;
		};
		F7290F03208A79260045A0F1 /* PBXTargetDependency */ = {
			isa = PBXTargetDependency;
			target = F7290EE1208A79240045A0F1 /* Demo */;
			targetProxy = F7290F02208A79260045A0F1 /* PBXContainerItemProxy */;
		};
/* End PBXTargetDependency section */

/* Begin PBXVariantGroup section */
		F7290EE9208A79240045A0F1 /* Main.storyboard */ = {
			isa = PBXVariantGroup;
			children = (
				F7290EEA208A79240045A0F1 /* Base */,
			);
			name = Main.storyboard;
			sourceTree = "<group>";
		};
		F7290EEE208A79260045A0F1 /* LaunchScreen.storyboard */ = {
			isa = PBXVariantGroup;
			children = (
				F7290EEF208A79260045A0F1 /* Base */,
			);
			name = LaunchScreen.storyboard;
			sourceTree = "<group>";
		};
/* End PBXVariantGroup section */

/* Begin XCBuildConfiguration section */
		F7290F08208A79260045A0F1 /* Debug */ = {
			isa = XCBuildConfiguration;
			buildSettings = {
				ALWAYS_SEARCH_USER_PATHS = NO;
				CLANG_ANALYZER_NONNULL = YES;
				CLANG_ANALYZER_NUMBER_OBJECT_CONVERSION = YES_AGGRESSIVE;
				CLANG_CXX_LANGUAGE_STANDARD = "gnu++14";
				CLANG_CXX_LIBRARY = "libc++";
				CLANG_ENABLE_MODULES = YES;
				CLANG_ENABLE_OBJC_ARC = YES;
				CLANG_ENABLE_OBJC_WEAK = YES;
				CLANG_WARN_BLOCK_CAPTURE_AUTORELEASING = YES;
				CLANG_WARN_BOOL_CONVERSION = YES;
				CLANG_WARN_COMMA = YES;
				CLANG_WARN_CONSTANT_CONVERSION = YES;
				CLANG_WARN_DEPRECATED_OBJC_IMPLEMENTATIONS = YES;
				CLANG_WARN_DIRECT_OBJC_ISA_USAGE = YES_ERROR;
				CLANG_WARN_DOCUMENTATION_COMMENTS = YES;
				CLANG_WARN_EMPTY_BODY = YES;
				CLANG_WARN_ENUM_CONVERSION = YES;
				CLANG_WARN_INFINITE_RECURSION = YES;
				CLANG_WARN_INT_CONVERSION = YES;
				CLANG_WARN_NON_LITERAL_NULL_CONVERSION = YES;
				CLANG_WARN_OBJC_IMPLICIT_RETAIN_SELF = YES;
				CLANG_WARN_OBJC_LITERAL_CONVERSION = YES;
				CLANG_WARN_OBJC_ROOT_CLASS = YES_ERROR;
				CLANG_WARN_RANGE_LOOP_ANALYSIS = YES;
				CLANG_WARN_STRICT_PROTOTYPES = YES;
				CLANG_WARN_SUSPICIOUS_MOVE = YES;
				CLANG_WARN_UNGUARDED_AVAILABILITY = YES_AGGRESSIVE;
				CLANG_WARN_UNREACHABLE_CODE = YES;
				CLANG_WARN__DUPLICATE_METHOD_MATCH = YES;
				CODE_SIGN_IDENTITY = "iPhone Developer";
				COPY_PHASE_STRIP = NO;
				DEBUG_INFORMATION_FORMAT = dwarf;
				ENABLE_STRICT_OBJC_MSGSEND = YES;
				ENABLE_TESTABILITY = YES;
				GCC_C_LANGUAGE_STANDARD = gnu11;
				GCC_DYNAMIC_NO_PIC = NO;
				GCC_NO_COMMON_BLOCKS = YES;
				GCC_OPTIMIZATION_LEVEL = 0;
				GCC_PREPROCESSOR_DEFINITIONS = (
					"DEBUG=1",
					"$(inherited)",
				);
				GCC_WARN_64_TO_32_BIT_CONVERSION = YES;
				GCC_WARN_ABOUT_RETURN_TYPE = YES_ERROR;
				GCC_WARN_UNDECLARED_SELECTOR = YES;
				GCC_WARN_UNINITIALIZED_AUTOS = YES_AGGRESSIVE;
				GCC_WARN_UNUSED_FUNCTION = YES;
				GCC_WARN_UNUSED_VARIABLE = YES;
				IPHONEOS_DEPLOYMENT_TARGET = 11.3;
				MTL_ENABLE_DEBUG_INFO = YES;
				ONLY_ACTIVE_ARCH = YES;
				SDKROOT = iphoneos;
				SWIFT_ACTIVE_COMPILATION_CONDITIONS = DEBUG;
				SWIFT_OPTIMIZATION_LEVEL = "-Onone";
			};
			name = Debug;
		};
		F7290F09208A79260045A0F1 /* Release */ = {
			isa = XCBuildConfiguration;
			buildSettings = {
				ALWAYS_SEARCH_USER_PATHS = NO;
				CLANG_ANALYZER_NONNULL = YES;
				CLANG_ANALYZER_NUMBER_OBJECT_CONVERSION = YES_AGGRESSIVE;
				CLANG_CXX_LANGUAGE_STANDARD = "gnu++14";
				CLANG_CXX_LIBRARY = "libc++";
				CLANG_ENABLE_MODULES = YES;
				CLANG_ENABLE_OBJC_ARC = YES;
				CLANG_ENABLE_OBJC_WEAK = YES;
				CLANG_WARN_BLOCK_CAPTURE_AUTORELEASING = YES;
				CLANG_WARN_BOOL_CONVERSION = YES;
				CLANG_WARN_COMMA = YES;
				CLANG_WARN_CONSTANT_CONVERSION = YES;
				CLANG_WARN_DEPRECATED_OBJC_IMPLEMENTATIONS = YES;
				CLANG_WARN_DIRECT_OBJC_ISA_USAGE = YES_ERROR;
				CLANG_WARN_DOCUMENTATION_COMMENTS = YES;
				CLANG_WARN_EMPTY_BODY = YES;
				CLANG_WARN_ENUM_CONVERSION = YES;
				CLANG_WARN_INFINITE_RECURSION = YES;
				CLANG_WARN_INT_CONVERSION = YES;
				CLANG_WARN_NON_LITERAL_NULL_CONVERSION = YES;
				CLANG_WARN_OBJC_IMPLICIT_RETAIN_SELF = YES;
				CLANG_WARN_OBJC_LITERAL_CONVERSION = YES;
				CLANG_WARN_OBJC_ROOT_CLASS = YES_ERROR;
				CLANG_WARN_RANGE_LOOP_ANALYSIS = YES;
				CLANG_WARN_STRICT_PROTOTYPES = YES;
				CLANG_WARN_SUSPICIOUS_MOVE = YES;
				CLANG_WARN_UNGUARDED_AVAILABILITY = YES_AGGRESSIVE;
				CLANG_WARN_UNREACHABLE_CODE = YES;
				CLANG_WARN__DUPLICATE_METHOD_MATCH = YES;
				CODE_SIGN_IDENTITY = "iPhone Developer";
				COPY_PHASE_STRIP = NO;
				DEBUG_INFORMATION_FORMAT = "dwarf-with-dsym";
				ENABLE_NS_ASSERTIONS = NO;
				ENABLE_STRICT_OBJC_MSGSEND = YES;
				GCC_C_LANGUAGE_STANDARD = gnu11;
				GCC_NO_COMMON_BLOCKS = YES;
				GCC_WARN_64_TO_32_BIT_CONVERSION = YES;
				GCC_WARN_ABOUT_RETURN_TYPE = YES_ERROR;
				GCC_WARN_UNDECLARED_SELECTOR = YES;
				GCC_WARN_UNINITIALIZED_AUTOS = YES_AGGRESSIVE;
				GCC_WARN_UNUSED_FUNCTION = YES;
				GCC_WARN_UNUSED_VARIABLE = YES;
				IPHONEOS_DEPLOYMENT_TARGET = 11.3;
				MTL_ENABLE_DEBUG_INFO = NO;
				SDKROOT = iphoneos;
				SWIFT_COMPILATION_MODE = wholemodule;
				SWIFT_OPTIMIZATION_LEVEL = "-O";
				VALIDATE_PRODUCT = YES;
			};
			name = Release;
		};
		F7290F0B208A79260045A0F1 /* Debug */ = {
			isa = XCBuildConfiguration;
			buildSettings = {
				ASSETCATALOG_COMPILER_APPICON_NAME = AppIcon;
				CODE_SIGN_STYLE = Automatic;
				INFOPLIST_FILE = Demo/Info.plist;
				LD_RUNPATH_SEARCH_PATHS = (
					"$(inherited)",
					"@executable_path/Frameworks",
				);
				PRODUCT_BUNDLE_IDENTIFIER = nappannda.Demo;
				PRODUCT_NAME = "$(TARGET_NAME)";
				SWIFT_VERSION = 4.0;
				TARGETED_DEVICE_FAMILY = "1,2";
			};
			name = Debug;
		};
		F7290F0C208A79260045A0F1 /* Release */ = {
			isa = XCBuildConfiguration;
			buildSettings = {
				ASSETCATALOG_COMPILER_APPICON_NAME = AppIcon;
				CODE_SIGN_STYLE = Automatic;
				INFOPLIST_FILE = Demo/Info.plist;
				LD_RUNPATH_SEARCH_PATHS = (
					"$(inherited)",
					"@executable_path/Frameworks",
				);
				PRODUCT_BUNDLE_IDENTIFIER = nappannda.Demo;
				PRODUCT_NAME = "$(TARGET_NAME)";
				SWIFT_VERSION = 4.0;
				TARGETED_DEVICE_FAMILY = "1,2";
			};
			name = Release;
		};
		F7290F0E208A79260045A0F1 /* Debug */ = {
			isa = XCBuildConfiguration;
			buildSettings = {
				ALWAYS_EMBED_SWIFT_STANDARD_LIBRARIES = YES;
				BUNDLE_LOADER = "$(TEST_HOST)";
				CODE_SIGN_STYLE = Automatic;
				INFOPLIST_FILE = DemoTests/Info.plist;
				LD_RUNPATH_SEARCH_PATHS = (
					"$(inherited)",
					"@executable_path/Frameworks",
					"@loader_path/Frameworks",
				);
				PRODUCT_BUNDLE_IDENTIFIER = nappannda.DemoTests;
				PRODUCT_NAME = "$(TARGET_NAME)";
				SWIFT_VERSION = 4.0;
				TARGETED_DEVICE_FAMILY = "1,2";
				TEST_HOST = "$(BUILT_PRODUCTS_DIR)/Demo.app/Demo";
			};
			name = Debug;
		};
		F7290F0F208A79260045A0F1 /* Release */ = {
			isa = XCBuildConfiguration;
			buildSettings = {
				ALWAYS_EMBED_SWIFT_STANDARD_LIBRARIES = YES;
				BUNDLE_LOADER = "$(TEST_HOST)";
				CODE_SIGN_STYLE = Automatic;
				INFOPLIST_FILE = DemoTests/Info.plist;
				LD_RUNPATH_SEARCH_PATHS = (
					"$(inherited)",
					"@executable_path/Frameworks",
					"@loader_path/Frameworks",
				);
				PRODUCT_BUNDLE_IDENTIFIER = nappannda.DemoTests;
				PRODUCT_NAME = "$(TARGET_NAME)";
				SWIFT_VERSION = 4.0;
				TARGETED_DEVICE_FAMILY = "1,2";
				TEST_HOST = "$(BUILT_PRODUCTS_DIR)/Demo.app/Demo";
			};
			name = Release;
		};
		F7290F11208A79260045A0F1 /* Debug */ = {
			isa = XCBuildConfiguration;
			buildSettings = {
				ALWAYS_EMBED_SWIFT_STANDARD_LIBRARIES = YES;
				CODE_SIGN_STYLE = Automatic;
				INFOPLIST_FILE = DemoUITests/Info.plist;
				LD_RUNPATH_SEARCH_PATHS = (
					"$(inherited)",
					"@executable_path/Frameworks",
					"@loader_path/Frameworks",
				);
				PRODUCT_BUNDLE_IDENTIFIER = nappannda.DemoUITests;
				PRODUCT_NAME = "$(TARGET_NAME)";
				SWIFT_VERSION = 4.0;
				TARGETED_DEVICE_FAMILY = "1,2";
				TEST_TARGET_NAME = Demo;
			};
			name = Debug;
		};
		F7290F12208A79260045A0F1 /* Release */ = {
			isa = XCBuildConfiguration;
			buildSettings = {
				ALWAYS_EMBED_SWIFT_STANDARD_LIBRARIES = YES;
				CODE_SIGN_STYLE = Automatic;
				INFOPLIST_FILE = DemoUITests/Info.plist;
				LD_RUNPATH_SEARCH_PATHS = (
					"$(inherited)",
					"@executable_path/Frameworks",
					"@loader_path/Frameworks",
				);
				PRODUCT_BUNDLE_IDENTIFIER = nappannda.DemoUITests;
				PRODUCT_NAME = "$(TARGET_NAME)";
				SWIFT_VERSION = 4.0;
				TARGETED_DEVICE_FAMILY = "1,2";
				TEST_TARGET_NAME = Demo;
			};
			name = Release;
		};
/* End XCBuildConfiguration section */

/* Begin XCConfigurationList section */
		F7290EDD208A79240045A0F1 /* Build configuration list for PBXProject "Demo" */ = {
			isa = XCConfigurationList;
			buildConfigurations = (
				F7290F08208A79260045A0F1 /* Debug */,
				F7290F09208A79260045A0F1 /* Release */,
			);
			defaultConfigurationIsVisible = 0;
			defaultConfigurationName = Release;
		};
		F7290F0A208A79260045A0F1 /* Build configuration list for PBXNativeTarget "Demo" */ = {
			isa = XCConfigurationList;
			buildConfigurations = (
				F7290F0B208A79260045A0F1 /* Debug */,
				F7290F0C208A79260045A0F1 /* Release */,
			);
			defaultConfigurationIsVisible = 0;
			defaultConfigurationName = Release;
		};
		F7290F0D208A79260045A0F1 /* Build configuration list for PBXNativeTarget "DemoTests" */ = {
			isa = XCConfigurationList;
			buildConfigurations = (
				F7290F0E208A79260045A0F1 /* Debug */,
				F7290F0F208A79260045A0F1 /* Release */,
			);
			defaultConfigurationIsVisible = 0;
			defaultConfigurationName = Release;
		};
		F7290F10208A79260045A0F1 /* Build configuration list for PBXNativeTarget "DemoUITests" */ = {
			isa = XCConfigurationList;
			buildConfigurations = (
				F7290F11208A79260045A0F1 /* Debug */,
				F7290F12208A79260045A0F1 /* Release */,
			);
			defaultConfigurationIsVisible = 0;
			defaultConfigurationName = Release;
		};
/* End XCConfigurationList section */
	};
	rootObject = F7290EDA208A79240045A0F1 /* Project object */;
}
